
Microsoft Visual Studio Solution File, Format Version 12.00
# Visual Studio Version 17
VisualStudioVersion = 17.12.35527.113
MinimumVisualStudioVersion = 10.0.40219.1
Project("{FAE04EC0-301F-11D3-BF4B-00C04F79EFBC}") = "MyEasyBank_CSharp_BootCampApp", "MyEasyBank_CSharp_BootCampApp.csproj", "{C7D6EE3B-557A-4A91-97C1-2E97DDA4472C}"
EndProject
Project("{FAE04EC0-301F-11D3-BF4B-00C04F79EFBC}") = "HttpClientApp", "..\WpfApp1\HttpClientApp.csproj", "{71C1907F-BB58-4552-900C-71CEFD0D9C22}"
EndProject
Global
	GlobalSection(SolutionConfigurationPlatforms) = preSolution
		Debug|Any CPU = Debug|Any CPU
		Release|Any CPU = Release|Any CPU
	EndGlobalSection
	GlobalSection(ProjectConfigurationPlatforms) = postSolution
		{C7D6EE3B-557A-4A91-97C1-2E97DDA4472C}.Debug|Any CPU.ActiveCfg = Debug|Any CPU
		{C7D6EE3B-557A-4A91-97C1-2E97DDA4472C}.Debug|Any CPU.Build.0 = Debug|Any CPU
		{C7D6EE3B-557A-4A91-97C1-2E97DDA4472C}.Release|Any CPU.ActiveCfg = Release|Any CPU
		{C7D6EE3B-557A-4A91-97C1-2E97DDA4472C}.Release|Any CPU.Build.0 = Release|Any CPU
		{71C1907F-BB58-4552-900C-71CEFD0D9C22}.Debug|Any CPU.ActiveCfg = Debug|Any CPU
		{71C1907F-BB58-4552-900C-71CEFD0D9C22}.Debug|Any CPU.Build.0 = Debug|Any CPU
		{71C1907F-BB58-4552-900C-71CEFD0D9C22}.Release|Any CPU.ActiveCfg = Release|Any CPU
		{71C1907F-BB58-4552-900C-71CEFD0D9C22}.Release|Any CPU.Build.0 = Release|Any CPU
	EndGlobalSection
	GlobalSection(SolutionProperties) = preSolution
		HideSolutionNode = FALSE
	EndGlobalSection
EndGlobal
